{
  "name": "oracle-layer",
  "version": "1.0.0",
  "lockfileVersion": 2,
  "requires": true,
  "packages": {
    "": {
      "name": "oracle-layer",
      "version": "1.0.0",
      "license": "ISC",
      "dependencies": {
        "oracledb-for-lambda": "^1.9.3-8a"
      }
    },
    "node_modules/nan": {
      "version": "2.3.5",
      "resolved": "https://registry.npmjs.org/nan/-/nan-2.3.5.tgz",
      "integrity": "sha512-+1vWEe1RBUNgjZJGAXxVDyNmH3TTG8AaLj0Qw5Ye/gqwrpDWn43WNF3/HcHnRpzm+gWqW65oXYQdu6UvBC/+vA=="
    },
    "node_modules/oracledb-for-lambda": {
      "version": "1.9.3-8a",
      "resolved": "https://registry.npmjs.org/oracledb-for-lambda/-/oracledb-for-lambda-1.9.3-8a.tgz",
      "integrity": "sha512-r/y29IINwEdxSILJkTl4q6iV5tTRm6Swd4eUYb/iFWx38mVeLEZSaVfXfR0IlkZGHxBYCrq+sJJV3hl564pUkw==",
      "hasInstallScript": true,
      "dependencies": {
        "nan": "~2.3.0"
      }
    }
  },
  "dependencies": {
    "nan": {
      "version": "2.3.5",
      "resolved": "https://registry.npmjs.org/nan/-/nan-2.3.5.tgz",
      "integrity": "sha512-+1vWEe1RBUNgjZJGAXxVDyNmH3TTG8AaLj0Qw5Ye/gqwrpDWn43WNF3/HcHnRpzm+gWqW65oXYQdu6UvBC/+vA=="
    },
    "oracledb-for-lambda": {
      "version": "1.9.3-8a",
      "resolved": "https://registry.npmjs.org/oracledb-for-lambda/-/oracledb-for-lambda-1.9.3-8a.tgz",
      "integrity": "sha512-r/y29IINwEdxSILJkTl4q6iV5tTRm6Swd4eUYb/iFWx38mVeLEZSaVfXfR0IlkZGHxBYCrq+sJJV3hl564pUkw==",
      "requires": {
        "nan": "~2.3.0"
      }
    }
  }
}
